<Solution>
  <Configurations>
    <BuildType Name="Default" />
    <Platform Name="Default" />
  </Configurations>
  <Project Path="../Индетификаторы/Индетификаторы.ssmssqlproj" Type="4f2e2c19-372f-40d8-9fa7-9d2138c6997a">
    <Platform Project="?" />
    <Build Project="false" />
  </Project>
  <Project Path="../Схемы/Схемы.ssmssqlproj" Type="4f2e2c19-372f-40d8-9fa7-9d2138c6997a">
    <Platform Project="?" />
    <Build Project="false" />
  </Project>
  <Project Path="../Таблицы/Таблицы.ssmssqlproj" Type="4f2e2c19-372f-40d8-9fa7-9d2138c6997a">
    <Platform Project="?" />
    <Build Project="false" />
  </Project>
  <Project Path="../ТипыДанных/ТипыДанных.ssmssqlproj" Type="4f2e2c19-372f-40d8-9fa7-9d2138c6997a">
    <Platform Project="?" />
    <Build Project="false" />
  </Project>
  <Project Path="Скрипты SQL Server1.ssmssqlproj" Type="4f2e2c19-372f-40d8-9fa7-9d2138c6997a">
    <Platform Project="?" />
    <Build Project="false" />
  </Project>
</Solution>
